
Microsoft Visual Studio Solution File, Format Version 12.00
# Visual Studio Version 17
VisualStudioVersion = 17.14.36511.14
MinimumVisualStudioVersion = 10.0.40219.1
Project("{2150E333-8FDC-42A3-9474-1A3956D46DE8}") = "Native", "Native", "{C4930EA1-51DF-4181-B9E5-7D49A2ACF861}"
EndProject
Project("{2150E333-8FDC-42A3-9474-1A3956D46DE8}") = "Managed", "Managed", "{8A55866B-3DBB-4CB6-AB9F-72EE656FD4C7}"
EndProject
Project("{FAE04EC0-301F-11D3-BF4B-00C04F79EFBC}") = "Core", "Managed\Core\Core\Core.csproj", "{BE64A6D7-736B-42DD-A7A1-A85995808B11}"
EndProject
Project("{2150E333-8FDC-42A3-9474-1A3956D46DE8}") = "Database", "Database", "{050F09D8-5222-4C30-B7E6-899B74BD3F85}"
EndProject
Project("{00D1A9C2-B5F0-4AF3-8072-F6C62B433612}") = "MetaFSDB", "Database\MetaFSDB\MetaFSDB.sqlproj", "{273C6838-D6B2-42A7-9722-05EF322E5AB9}"
EndProject
Project("{2150E333-8FDC-42A3-9474-1A3956D46DE8}") = "Miscellaneous", "Miscellaneous", "{EE40E221-55F4-49CF-B1BB-6EAFDABC925B}"
	ProjectSection(SolutionItems) = preProject
		MetaFS-DataEntry.xml = MetaFS-DataEntry.xml
		MetaFS-Schema.xml = MetaFS-Schema.xml
		Miscellaneous\Notes.txt = Miscellaneous\Notes.txt
		Testdata.sql = Testdata.sql
	EndProjectSection
EndProject
Project("{FAE04EC0-301F-11D3-BF4B-00C04F79EFBC}") = "MetaFSPropPage", "MetaFSPropPage\MetaFSPropPage.csproj", "{4CDC6051-5385-4EA7-9912-1F3C845F6128}"
EndProject
Project("{FAE04EC0-301F-11D3-BF4B-00C04F79EFBC}") = "TestHarness", "TestHarness\TestHarness\TestHarness.csproj", "{AEFAE2DD-B743-43EB-A278-58C568B14D05}"
EndProject
Project("{8BC9CEB8-8B4A-11D0-8D11-00A0C91BC942}") = "MetaFsExt", "Native\MetaFsExt\MetaFsExt.vcxproj", "{0DEE6D9F-A368-4286-863D-DC32F7DAFA95}"
	ProjectSection(ProjectDependencies) = postProject
		{273C6838-D6B2-42A7-9722-05EF322E5AB9} = {273C6838-D6B2-42A7-9722-05EF322E5AB9}
		{4CDC6051-5385-4EA7-9912-1F3C845F6128} = {4CDC6051-5385-4EA7-9912-1F3C845F6128}
		{BE64A6D7-736B-42DD-A7A1-A85995808B11} = {BE64A6D7-736B-42DD-A7A1-A85995808B11}
	EndProjectSection
EndProject
Project("{2150E333-8FDC-42A3-9474-1A3956D46DE8}") = "Shell", "Shell", "{EEA8CAA9-6EF2-48BD-B2BB-EED13D55B64C}"
EndProject
Project("{2150E333-8FDC-42A3-9474-1A3956D46DE8}") = "Kernel-Mode", "Kernel-Mode", "{A82A8060-3099-47FC-B0FA-BFA980070EFA}"
EndProject
Project("{2150E333-8FDC-42A3-9474-1A3956D46DE8}") = "User-Mode", "User-Mode", "{E3A12298-13AD-4B7E-B208-60F412747EA5}"
EndProject
Project("{8BC9CEB8-8B4A-11D0-8D11-00A0C91BC942}") = "MetaFsDriver", "Native\MetaFsDriver\MetaFsDriver\MetaFsDriver.vcxproj", "{F6E72B20-5076-4F58-B22B-EDEFA940EA87}"
	ProjectSection(ProjectDependencies) = postProject
		{4CDC6051-5385-4EA7-9912-1F3C845F6128} = {4CDC6051-5385-4EA7-9912-1F3C845F6128}
	EndProjectSection
EndProject
Project("{2150E333-8FDC-42A3-9474-1A3956D46DE8}") = "Service", "Service", "{E6285798-C22B-43B1-80FF-753F8204F943}"
EndProject
Project("{8BC9CEB8-8B4A-11D0-8D11-00A0C91BC942}") = "MetaFsService", "Native\MetaFsService\MetaFsService\MetaFsService.vcxproj", "{77FE1B1C-5901-4D1C-850E-303E9206B9FB}"
	ProjectSection(ProjectDependencies) = postProject
		{A486D49B-C137-49ED-BD3C-944DF900BE7B} = {A486D49B-C137-49ED-BD3C-944DF900BE7B}
		{BE64A6D7-736B-42DD-A7A1-A85995808B11} = {BE64A6D7-736B-42DD-A7A1-A85995808B11}
	EndProjectSection
EndProject
Project("{2150E333-8FDC-42A3-9474-1A3956D46DE8}") = "Interop", "Interop", "{49AC6DFD-6B50-44A8-AF1A-56CDC3A0AC53}"
EndProject
Project("{8BC9CEB8-8B4A-11D0-8D11-00A0C91BC942}") = "MetaFsInterop", "Native\MetaFsInterop\MetaFsInterop\MetaFsInterop.vcxproj", "{A486D49B-C137-49ED-BD3C-944DF900BE7B}"
	ProjectSection(ProjectDependencies) = postProject
		{BE64A6D7-736B-42DD-A7A1-A85995808B11} = {BE64A6D7-736B-42DD-A7A1-A85995808B11}
	EndProjectSection
EndProject
Global
	GlobalSection(SolutionConfigurationPlatforms) = preSolution
		Debug|ARM64 = Debug|ARM64
		Debug|x64 = Debug|x64
		Release|ARM64 = Release|ARM64
		Release|x64 = Release|x64
	EndGlobalSection
	GlobalSection(ProjectConfigurationPlatforms) = postSolution
		{BE64A6D7-736B-42DD-A7A1-A85995808B11}.Debug|ARM64.ActiveCfg = Debug|Any CPU
		{BE64A6D7-736B-42DD-A7A1-A85995808B11}.Debug|ARM64.Build.0 = Debug|Any CPU
		{BE64A6D7-736B-42DD-A7A1-A85995808B11}.Debug|x64.ActiveCfg = Debug|x64
		{BE64A6D7-736B-42DD-A7A1-A85995808B11}.Debug|x64.Build.0 = Debug|x64
		{BE64A6D7-736B-42DD-A7A1-A85995808B11}.Release|ARM64.ActiveCfg = Release|Any CPU
		{BE64A6D7-736B-42DD-A7A1-A85995808B11}.Release|ARM64.Build.0 = Release|Any CPU
		{BE64A6D7-736B-42DD-A7A1-A85995808B11}.Release|x64.ActiveCfg = Release|x64
		{BE64A6D7-736B-42DD-A7A1-A85995808B11}.Release|x64.Build.0 = Release|x64
		{273C6838-D6B2-42A7-9722-05EF322E5AB9}.Debug|ARM64.ActiveCfg = Debug|Any CPU
		{273C6838-D6B2-42A7-9722-05EF322E5AB9}.Debug|ARM64.Build.0 = Debug|Any CPU
		{273C6838-D6B2-42A7-9722-05EF322E5AB9}.Debug|ARM64.Deploy.0 = Debug|Any CPU
		{273C6838-D6B2-42A7-9722-05EF322E5AB9}.Debug|x64.ActiveCfg = Debug|Any CPU
		{273C6838-D6B2-42A7-9722-05EF322E5AB9}.Debug|x64.Build.0 = Debug|Any CPU
		{273C6838-D6B2-42A7-9722-05EF322E5AB9}.Debug|x64.Deploy.0 = Debug|Any CPU
		{273C6838-D6B2-42A7-9722-05EF322E5AB9}.Release|ARM64.ActiveCfg = Release|Any CPU
		{273C6838-D6B2-42A7-9722-05EF322E5AB9}.Release|ARM64.Build.0 = Release|Any CPU
		{273C6838-D6B2-42A7-9722-05EF322E5AB9}.Release|ARM64.Deploy.0 = Release|Any CPU
		{273C6838-D6B2-42A7-9722-05EF322E5AB9}.Release|x64.ActiveCfg = Release|Any CPU
		{273C6838-D6B2-42A7-9722-05EF322E5AB9}.Release|x64.Build.0 = Release|Any CPU
		{273C6838-D6B2-42A7-9722-05EF322E5AB9}.Release|x64.Deploy.0 = Release|Any CPU
		{4CDC6051-5385-4EA7-9912-1F3C845F6128}.Debug|ARM64.ActiveCfg = Debug|Any CPU
		{4CDC6051-5385-4EA7-9912-1F3C845F6128}.Debug|ARM64.Build.0 = Debug|Any CPU
		{4CDC6051-5385-4EA7-9912-1F3C845F6128}.Debug|x64.ActiveCfg = Debug|x64
		{4CDC6051-5385-4EA7-9912-1F3C845F6128}.Debug|x64.Build.0 = Debug|x64
		{4CDC6051-5385-4EA7-9912-1F3C845F6128}.Release|ARM64.ActiveCfg = Release|Any CPU
		{4CDC6051-5385-4EA7-9912-1F3C845F6128}.Release|ARM64.Build.0 = Release|Any CPU
		{4CDC6051-5385-4EA7-9912-1F3C845F6128}.Release|x64.ActiveCfg = Release|x64
		{4CDC6051-5385-4EA7-9912-1F3C845F6128}.Release|x64.Build.0 = Release|x64
		{AEFAE2DD-B743-43EB-A278-58C568B14D05}.Debug|ARM64.ActiveCfg = Debug|Any CPU
		{AEFAE2DD-B743-43EB-A278-58C568B14D05}.Debug|ARM64.Build.0 = Debug|Any CPU
		{AEFAE2DD-B743-43EB-A278-58C568B14D05}.Debug|x64.ActiveCfg = Debug|x64
		{AEFAE2DD-B743-43EB-A278-58C568B14D05}.Debug|x64.Build.0 = Debug|x64
		{AEFAE2DD-B743-43EB-A278-58C568B14D05}.Release|ARM64.ActiveCfg = Release|Any CPU
		{AEFAE2DD-B743-43EB-A278-58C568B14D05}.Release|ARM64.Build.0 = Release|Any CPU
		{AEFAE2DD-B743-43EB-A278-58C568B14D05}.Release|x64.ActiveCfg = Release|x64
		{AEFAE2DD-B743-43EB-A278-58C568B14D05}.Release|x64.Build.0 = Release|x64
		{0DEE6D9F-A368-4286-863D-DC32F7DAFA95}.Debug|ARM64.ActiveCfg = Debug|x64
		{0DEE6D9F-A368-4286-863D-DC32F7DAFA95}.Debug|ARM64.Build.0 = Debug|x64
		{0DEE6D9F-A368-4286-863D-DC32F7DAFA95}.Debug|x64.ActiveCfg = Debug|x64
		{0DEE6D9F-A368-4286-863D-DC32F7DAFA95}.Debug|x64.Build.0 = Debug|x64
		{0DEE6D9F-A368-4286-863D-DC32F7DAFA95}.Release|ARM64.ActiveCfg = Release|x64
		{0DEE6D9F-A368-4286-863D-DC32F7DAFA95}.Release|ARM64.Build.0 = Release|x64
		{0DEE6D9F-A368-4286-863D-DC32F7DAFA95}.Release|x64.ActiveCfg = Release|x64
		{0DEE6D9F-A368-4286-863D-DC32F7DAFA95}.Release|x64.Build.0 = Release|x64
		{F6E72B20-5076-4F58-B22B-EDEFA940EA87}.Debug|ARM64.ActiveCfg = Debug|ARM64
		{F6E72B20-5076-4F58-B22B-EDEFA940EA87}.Debug|ARM64.Build.0 = Debug|ARM64
		{F6E72B20-5076-4F58-B22B-EDEFA940EA87}.Debug|ARM64.Deploy.0 = Debug|ARM64
		{F6E72B20-5076-4F58-B22B-EDEFA940EA87}.Debug|x64.ActiveCfg = Debug|x64
		{F6E72B20-5076-4F58-B22B-EDEFA940EA87}.Debug|x64.Build.0 = Debug|x64
		{F6E72B20-5076-4F58-B22B-EDEFA940EA87}.Release|ARM64.ActiveCfg = Release|ARM64
		{F6E72B20-5076-4F58-B22B-EDEFA940EA87}.Release|ARM64.Build.0 = Release|ARM64
		{F6E72B20-5076-4F58-B22B-EDEFA940EA87}.Release|ARM64.Deploy.0 = Release|ARM64
		{F6E72B20-5076-4F58-B22B-EDEFA940EA87}.Release|x64.ActiveCfg = Release|x64
		{F6E72B20-5076-4F58-B22B-EDEFA940EA87}.Release|x64.Build.0 = Release|x64
		{F6E72B20-5076-4F58-B22B-EDEFA940EA87}.Release|x64.Deploy.0 = Release|x64
		{77FE1B1C-5901-4D1C-850E-303E9206B9FB}.Debug|ARM64.ActiveCfg = Debug|x64
		{77FE1B1C-5901-4D1C-850E-303E9206B9FB}.Debug|ARM64.Build.0 = Debug|x64
		{77FE1B1C-5901-4D1C-850E-303E9206B9FB}.Debug|x64.ActiveCfg = Debug|x64
		{77FE1B1C-5901-4D1C-850E-303E9206B9FB}.Debug|x64.Build.0 = Debug|x64
		{77FE1B1C-5901-4D1C-850E-303E9206B9FB}.Release|ARM64.ActiveCfg = Release|x64
		{77FE1B1C-5901-4D1C-850E-303E9206B9FB}.Release|ARM64.Build.0 = Release|x64
		{77FE1B1C-5901-4D1C-850E-303E9206B9FB}.Release|x64.ActiveCfg = Release|x64
		{77FE1B1C-5901-4D1C-850E-303E9206B9FB}.Release|x64.Build.0 = Release|x64
		{A486D49B-C137-49ED-BD3C-944DF900BE7B}.Debug|ARM64.ActiveCfg = Debug|x64
		{A486D49B-C137-49ED-BD3C-944DF900BE7B}.Debug|ARM64.Build.0 = Debug|x64
		{A486D49B-C137-49ED-BD3C-944DF900BE7B}.Debug|x64.ActiveCfg = Debug|x64
		{A486D49B-C137-49ED-BD3C-944DF900BE7B}.Debug|x64.Build.0 = Debug|x64
		{A486D49B-C137-49ED-BD3C-944DF900BE7B}.Release|ARM64.ActiveCfg = Release|x64
		{A486D49B-C137-49ED-BD3C-944DF900BE7B}.Release|ARM64.Build.0 = Release|x64
		{A486D49B-C137-49ED-BD3C-944DF900BE7B}.Release|x64.ActiveCfg = Release|x64
		{A486D49B-C137-49ED-BD3C-944DF900BE7B}.Release|x64.Build.0 = Release|x64
	EndGlobalSection
	GlobalSection(SolutionProperties) = preSolution
		HideSolutionNode = FALSE
	EndGlobalSection
	GlobalSection(NestedProjects) = preSolution
		{BE64A6D7-736B-42DD-A7A1-A85995808B11} = {8A55866B-3DBB-4CB6-AB9F-72EE656FD4C7}
		{273C6838-D6B2-42A7-9722-05EF322E5AB9} = {050F09D8-5222-4C30-B7E6-899B74BD3F85}
		{4CDC6051-5385-4EA7-9912-1F3C845F6128} = {8A55866B-3DBB-4CB6-AB9F-72EE656FD4C7}
		{AEFAE2DD-B743-43EB-A278-58C568B14D05} = {8A55866B-3DBB-4CB6-AB9F-72EE656FD4C7}
		{0DEE6D9F-A368-4286-863D-DC32F7DAFA95} = {EEA8CAA9-6EF2-48BD-B2BB-EED13D55B64C}
		{EEA8CAA9-6EF2-48BD-B2BB-EED13D55B64C} = {E3A12298-13AD-4B7E-B208-60F412747EA5}
		{A82A8060-3099-47FC-B0FA-BFA980070EFA} = {C4930EA1-51DF-4181-B9E5-7D49A2ACF861}
		{E3A12298-13AD-4B7E-B208-60F412747EA5} = {C4930EA1-51DF-4181-B9E5-7D49A2ACF861}
		{F6E72B20-5076-4F58-B22B-EDEFA940EA87} = {A82A8060-3099-47FC-B0FA-BFA980070EFA}
		{E6285798-C22B-43B1-80FF-753F8204F943} = {E3A12298-13AD-4B7E-B208-60F412747EA5}
		{77FE1B1C-5901-4D1C-850E-303E9206B9FB} = {E6285798-C22B-43B1-80FF-753F8204F943}
		{49AC6DFD-6B50-44A8-AF1A-56CDC3A0AC53} = {E3A12298-13AD-4B7E-B208-60F412747EA5}
		{A486D49B-C137-49ED-BD3C-944DF900BE7B} = {49AC6DFD-6B50-44A8-AF1A-56CDC3A0AC53}
	EndGlobalSection
	GlobalSection(ExtensibilityGlobals) = postSolution
		SolutionGuid = {6A0DF3E8-EE68-4F3A-B937-794C617D9073}
	EndGlobalSection
EndGlobal
