
Microsoft Visual Studio Solution File, Format Version 12.00
# Visual Studio 2013
VisualStudioVersion = 12.0.31101.0
MinimumVisualStudioVersion = 10.0.40219.1
Project("{2150E333-8FDC-42A3-9474-1A3956D46DE8}") = "Native", "Native", "{C4930EA1-51DF-4181-B9E5-7D49A2ACF861}"
EndProject
Project("{2150E333-8FDC-42A3-9474-1A3956D46DE8}") = "Managed", "Managed", "{8A55866B-3DBB-4CB6-AB9F-72EE656FD4C7}"
EndProject
Project("{FAE04EC0-301F-11D3-BF4B-00C04F79EFBC}") = "Core", "Managed\Core\Core\Core.csproj", "{BE64A6D7-736B-42DD-A7A1-A85995808B11}"
EndProject
Project("{2150E333-8FDC-42A3-9474-1A3956D46DE8}") = "Database", "Database", "{050F09D8-5222-4C30-B7E6-899B74BD3F85}"
EndProject
Project("{00D1A9C2-B5F0-4AF3-8072-F6C62B433612}") = "MetaFSDB", "Database\MetaFSDB\MetaFSDB.sqlproj", "{273C6838-D6B2-42A7-9722-05EF322E5AB9}"
EndProject
Project("{2150E333-8FDC-42A3-9474-1A3956D46DE8}") = "Miscellaneous", "Miscellaneous", "{EE40E221-55F4-49CF-B1BB-6EAFDABC925B}"
	ProjectSection(SolutionItems) = preProject
		MetaFS-DataEntry.xml = MetaFS-DataEntry.xml
		MetaFS-Schema.xml = MetaFS-Schema.xml
		Miscellaneous\Notes.txt = Miscellaneous\Notes.txt
		Testdata.sql = Testdata.sql
	EndProjectSection
EndProject
Project("{FAE04EC0-301F-11D3-BF4B-00C04F79EFBC}") = "MetaFSPropPage", "MetaFSPropPage\MetaFSPropPage.csproj", "{4CDC6051-5385-4EA7-9912-1F3C845F6128}"
	ProjectSection(ProjectDependencies) = postProject
		{A486D49B-C137-49ED-BD3C-944DF900BE7B} = {A486D49B-C137-49ED-BD3C-944DF900BE7B}
		{0DEE6D9F-A368-4286-863D-DC32F7DAFA95} = {0DEE6D9F-A368-4286-863D-DC32F7DAFA95}
	EndProjectSection
EndProject
Project("{FAE04EC0-301F-11D3-BF4B-00C04F79EFBC}") = "TestHarness", "TestHarness\TestHarness\TestHarness.csproj", "{AEFAE2DD-B743-43EB-A278-58C568B14D05}"
EndProject
Project("{8BC9CEB8-8B4A-11D0-8D11-00A0C91BC942}") = "MetaFsExt", "Native\MetaFsExt\MetaFsExt.vcxproj", "{0DEE6D9F-A368-4286-863D-DC32F7DAFA95}"
EndProject
Project("{2150E333-8FDC-42A3-9474-1A3956D46DE8}") = "Shell", "Shell", "{EEA8CAA9-6EF2-48BD-B2BB-EED13D55B64C}"
EndProject
Project("{2150E333-8FDC-42A3-9474-1A3956D46DE8}") = "Kernel-Mode", "Kernel-Mode", "{A82A8060-3099-47FC-B0FA-BFA980070EFA}"
EndProject
Project("{2150E333-8FDC-42A3-9474-1A3956D46DE8}") = "User-Mode", "User-Mode", "{E3A12298-13AD-4B7E-B208-60F412747EA5}"
EndProject
Project("{8BC9CEB8-8B4A-11D0-8D11-00A0C91BC942}") = "MetaFsDriver", "Native\MetaFsDriver\MetaFsDriver\MetaFsDriver.vcxproj", "{F6E72B20-5076-4F58-B22B-EDEFA940EA87}"
EndProject
Project("{8BC9CEB8-8B4A-11D0-8D11-00A0C91BC942}") = "MetaFsDriver Package", "Native\MetaFsDriver\MetaFsDriver Package\MetaFsDriver Package.vcxproj", "{EC3115C2-86A6-498C-B5B5-BE9EE06A6FD5}"
	ProjectSection(ProjectDependencies) = postProject
		{F6E72B20-5076-4F58-B22B-EDEFA940EA87} = {F6E72B20-5076-4F58-B22B-EDEFA940EA87}
	EndProjectSection
EndProject
Project("{2150E333-8FDC-42A3-9474-1A3956D46DE8}") = "Service", "Service", "{E6285798-C22B-43B1-80FF-753F8204F943}"
EndProject
Project("{8BC9CEB8-8B4A-11D0-8D11-00A0C91BC942}") = "MetaFsService", "Native\MetaFsService\MetaFsService\MetaFsService.vcxproj", "{77FE1B1C-5901-4D1C-850E-303E9206B9FB}"
	ProjectSection(ProjectDependencies) = postProject
		{A486D49B-C137-49ED-BD3C-944DF900BE7B} = {A486D49B-C137-49ED-BD3C-944DF900BE7B}
		{BE64A6D7-736B-42DD-A7A1-A85995808B11} = {BE64A6D7-736B-42DD-A7A1-A85995808B11}
	EndProjectSection
EndProject
Project("{2150E333-8FDC-42A3-9474-1A3956D46DE8}") = "Interop", "Interop", "{49AC6DFD-6B50-44A8-AF1A-56CDC3A0AC53}"
EndProject
Project("{8BC9CEB8-8B4A-11D0-8D11-00A0C91BC942}") = "MetaFsInterop", "Native\MetaFsInterop\MetaFsInterop\MetaFsInterop.vcxproj", "{A486D49B-C137-49ED-BD3C-944DF900BE7B}"
	ProjectSection(ProjectDependencies) = postProject
		{BE64A6D7-736B-42DD-A7A1-A85995808B11} = {BE64A6D7-736B-42DD-A7A1-A85995808B11}
	EndProjectSection
EndProject
Global
	GlobalSection(TeamFoundationVersionControl) = preSolution
		SccNumberOfProjects = 10
		SccEnterpriseProvider = {4CA58AB2-18FA-4F8D-95D4-32DDF27D184C}
		SccTeamFoundationServer = https://tfs.codeplex.com/tfs/tfs29
		SccLocalPath0 = .
		SccProjectUniqueName1 = Database\\MetaFSDB\\MetaFSDB.sqlproj
		SccProjectTopLevelParentUniqueName1 = MetaFS.sln
		SccProjectName1 = Database/MetaFSDB
		SccLocalPath1 = Database\\MetaFSDB
		SccProjectUniqueName2 = Managed\\Core\\Core\\Core.csproj
		SccProjectTopLevelParentUniqueName2 = MetaFS.sln
		SccProjectName2 = Managed/Core/Core
		SccLocalPath2 = Managed\\Core\\Core
		SccProjectUniqueName3 = MetaFSPropPage\\MetaFSPropPage.csproj
		SccProjectTopLevelParentUniqueName3 = MetaFS.sln
		SccProjectName3 = MetaFSPropPage
		SccLocalPath3 = MetaFSPropPage
		SccProjectUniqueName4 = Native\\MetaFsDriver\\MetaFsDriver\u0020Package\\MetaFsDriver\u0020Package.vcxproj
		SccProjectTopLevelParentUniqueName4 = MetaFS.sln
		SccProjectName4 = Native/MetaFsDriver/MetaFsDriver\u0020Package
		SccLocalPath4 = Native\\MetaFsDriver\\MetaFsDriver\u0020Package
		SccProjectUniqueName5 = Native\\MetaFsDriver\\MetaFsDriver\\MetaFsDriver.vcxproj
		SccProjectTopLevelParentUniqueName5 = MetaFS.sln
		SccProjectName5 = Native/MetaFsDriver/MetaFsDriver
		SccLocalPath5 = Native\\MetaFsDriver\\MetaFsDriver
		SccProjectUniqueName6 = Native\\MetaFsExt\\MetaFsExt.vcxproj
		SccProjectTopLevelParentUniqueName6 = MetaFS.sln
		SccProjectName6 = Native/MetaFsExt
		SccLocalPath6 = Native\\MetaFsExt
		SccProjectUniqueName7 = Native\\MetaFsInterop\\MetaFsInterop\\MetaFsInterop.vcxproj
		SccProjectTopLevelParentUniqueName7 = MetaFS.sln
		SccProjectName7 = Native/MetaFsInterop/MetaFsInterop
		SccLocalPath7 = Native\\MetaFsInterop\\MetaFsInterop
		SccProjectUniqueName8 = Native\\MetaFsService\\MetaFsService\\MetaFsService.vcxproj
		SccProjectTopLevelParentUniqueName8 = MetaFS.sln
		SccProjectName8 = Native/MetaFsService/MetaFsService
		SccLocalPath8 = Native\\MetaFsService\\MetaFsService
		SccProjectUniqueName9 = TestHarness\\TestHarness\\TestHarness.csproj
		SccProjectTopLevelParentUniqueName9 = MetaFS.sln
		SccProjectName9 = TestHarness/TestHarness
		SccLocalPath9 = TestHarness\\TestHarness
	EndGlobalSection
	GlobalSection(SolutionConfigurationPlatforms) = preSolution
		Debug|Any CPU = Debug|Any CPU
		Debug|Mixed Platforms = Debug|Mixed Platforms
		Debug|Win32 = Debug|Win32
		Debug|x64 = Debug|x64
		Release|Any CPU = Release|Any CPU
		Release|Mixed Platforms = Release|Mixed Platforms
		Release|Win32 = Release|Win32
		Release|x64 = Release|x64
		Win7 Debug|Any CPU = Win7 Debug|Any CPU
		Win7 Debug|Mixed Platforms = Win7 Debug|Mixed Platforms
		Win7 Debug|Win32 = Win7 Debug|Win32
		Win7 Debug|x64 = Win7 Debug|x64
		Win7 Release|Any CPU = Win7 Release|Any CPU
		Win7 Release|Mixed Platforms = Win7 Release|Mixed Platforms
		Win7 Release|Win32 = Win7 Release|Win32
		Win7 Release|x64 = Win7 Release|x64
		Win8 Debug|Any CPU = Win8 Debug|Any CPU
		Win8 Debug|Mixed Platforms = Win8 Debug|Mixed Platforms
		Win8 Debug|Win32 = Win8 Debug|Win32
		Win8 Debug|x64 = Win8 Debug|x64
		Win8 Release|Any CPU = Win8 Release|Any CPU
		Win8 Release|Mixed Platforms = Win8 Release|Mixed Platforms
		Win8 Release|Win32 = Win8 Release|Win32
		Win8 Release|x64 = Win8 Release|x64
		Win8.1 Debug|Any CPU = Win8.1 Debug|Any CPU
		Win8.1 Debug|Mixed Platforms = Win8.1 Debug|Mixed Platforms
		Win8.1 Debug|Win32 = Win8.1 Debug|Win32
		Win8.1 Debug|x64 = Win8.1 Debug|x64
		Win8.1 Release|Any CPU = Win8.1 Release|Any CPU
		Win8.1 Release|Mixed Platforms = Win8.1 Release|Mixed Platforms
		Win8.1 Release|Win32 = Win8.1 Release|Win32
		Win8.1 Release|x64 = Win8.1 Release|x64
	EndGlobalSection
	GlobalSection(ProjectConfigurationPlatforms) = postSolution
		{BE64A6D7-736B-42DD-A7A1-A85995808B11}.Debug|Any CPU.ActiveCfg = Debug|Any CPU
		{BE64A6D7-736B-42DD-A7A1-A85995808B11}.Debug|Any CPU.Build.0 = Debug|Any CPU
		{BE64A6D7-736B-42DD-A7A1-A85995808B11}.Debug|Mixed Platforms.ActiveCfg = Debug|Any CPU
		{BE64A6D7-736B-42DD-A7A1-A85995808B11}.Debug|Mixed Platforms.Build.0 = Debug|Any CPU
		{BE64A6D7-736B-42DD-A7A1-A85995808B11}.Debug|Win32.ActiveCfg = Debug|Any CPU
		{BE64A6D7-736B-42DD-A7A1-A85995808B11}.Debug|x64.ActiveCfg = Debug|x64
		{BE64A6D7-736B-42DD-A7A1-A85995808B11}.Debug|x64.Build.0 = Debug|x64
		{BE64A6D7-736B-42DD-A7A1-A85995808B11}.Release|Any CPU.ActiveCfg = Release|Any CPU
		{BE64A6D7-736B-42DD-A7A1-A85995808B11}.Release|Any CPU.Build.0 = Release|Any CPU
		{BE64A6D7-736B-42DD-A7A1-A85995808B11}.Release|Mixed Platforms.ActiveCfg = Release|Any CPU
		{BE64A6D7-736B-42DD-A7A1-A85995808B11}.Release|Mixed Platforms.Build.0 = Release|Any CPU
		{BE64A6D7-736B-42DD-A7A1-A85995808B11}.Release|Win32.ActiveCfg = Release|Any CPU
		{BE64A6D7-736B-42DD-A7A1-A85995808B11}.Release|x64.ActiveCfg = Release|Any CPU
		{BE64A6D7-736B-42DD-A7A1-A85995808B11}.Win7 Debug|Any CPU.ActiveCfg = Debug|Any CPU
		{BE64A6D7-736B-42DD-A7A1-A85995808B11}.Win7 Debug|Any CPU.Build.0 = Debug|Any CPU
		{BE64A6D7-736B-42DD-A7A1-A85995808B11}.Win7 Debug|Mixed Platforms.ActiveCfg = Debug|Any CPU
		{BE64A6D7-736B-42DD-A7A1-A85995808B11}.Win7 Debug|Mixed Platforms.Build.0 = Debug|Any CPU
		{BE64A6D7-736B-42DD-A7A1-A85995808B11}.Win7 Debug|Win32.ActiveCfg = Debug|Any CPU
		{BE64A6D7-736B-42DD-A7A1-A85995808B11}.Win7 Debug|x64.ActiveCfg = Debug|Any CPU
		{BE64A6D7-736B-42DD-A7A1-A85995808B11}.Win7 Release|Any CPU.ActiveCfg = Release|Any CPU
		{BE64A6D7-736B-42DD-A7A1-A85995808B11}.Win7 Release|Any CPU.Build.0 = Release|Any CPU
		{BE64A6D7-736B-42DD-A7A1-A85995808B11}.Win7 Release|Mixed Platforms.ActiveCfg = Release|Any CPU
		{BE64A6D7-736B-42DD-A7A1-A85995808B11}.Win7 Release|Mixed Platforms.Build.0 = Release|Any CPU
		{BE64A6D7-736B-42DD-A7A1-A85995808B11}.Win7 Release|Win32.ActiveCfg = Release|Any CPU
		{BE64A6D7-736B-42DD-A7A1-A85995808B11}.Win7 Release|x64.ActiveCfg = Release|Any CPU
		{BE64A6D7-736B-42DD-A7A1-A85995808B11}.Win8 Debug|Any CPU.ActiveCfg = Debug|Any CPU
		{BE64A6D7-736B-42DD-A7A1-A85995808B11}.Win8 Debug|Any CPU.Build.0 = Debug|Any CPU
		{BE64A6D7-736B-42DD-A7A1-A85995808B11}.Win8 Debug|Mixed Platforms.ActiveCfg = Debug|Any CPU
		{BE64A6D7-736B-42DD-A7A1-A85995808B11}.Win8 Debug|Mixed Platforms.Build.0 = Debug|Any CPU
		{BE64A6D7-736B-42DD-A7A1-A85995808B11}.Win8 Debug|Win32.ActiveCfg = Debug|Any CPU
		{BE64A6D7-736B-42DD-A7A1-A85995808B11}.Win8 Debug|x64.ActiveCfg = Debug|Any CPU
		{BE64A6D7-736B-42DD-A7A1-A85995808B11}.Win8 Release|Any CPU.ActiveCfg = Release|Any CPU
		{BE64A6D7-736B-42DD-A7A1-A85995808B11}.Win8 Release|Any CPU.Build.0 = Release|Any CPU
		{BE64A6D7-736B-42DD-A7A1-A85995808B11}.Win8 Release|Mixed Platforms.ActiveCfg = Release|Any CPU
		{BE64A6D7-736B-42DD-A7A1-A85995808B11}.Win8 Release|Mixed Platforms.Build.0 = Release|Any CPU
		{BE64A6D7-736B-42DD-A7A1-A85995808B11}.Win8 Release|Win32.ActiveCfg = Release|Any CPU
		{BE64A6D7-736B-42DD-A7A1-A85995808B11}.Win8 Release|x64.ActiveCfg = Release|Any CPU
		{BE64A6D7-736B-42DD-A7A1-A85995808B11}.Win8.1 Debug|Any CPU.ActiveCfg = Debug|Any CPU
		{BE64A6D7-736B-42DD-A7A1-A85995808B11}.Win8.1 Debug|Any CPU.Build.0 = Debug|Any CPU
		{BE64A6D7-736B-42DD-A7A1-A85995808B11}.Win8.1 Debug|Mixed Platforms.ActiveCfg = Debug|Any CPU
		{BE64A6D7-736B-42DD-A7A1-A85995808B11}.Win8.1 Debug|Mixed Platforms.Build.0 = Debug|Any CPU
		{BE64A6D7-736B-42DD-A7A1-A85995808B11}.Win8.1 Debug|Win32.ActiveCfg = Debug|Any CPU
		{BE64A6D7-736B-42DD-A7A1-A85995808B11}.Win8.1 Debug|x64.ActiveCfg = Debug|Any CPU
		{BE64A6D7-736B-42DD-A7A1-A85995808B11}.Win8.1 Release|Any CPU.ActiveCfg = Release|Any CPU
		{BE64A6D7-736B-42DD-A7A1-A85995808B11}.Win8.1 Release|Any CPU.Build.0 = Release|Any CPU
		{BE64A6D7-736B-42DD-A7A1-A85995808B11}.Win8.1 Release|Mixed Platforms.ActiveCfg = Release|Any CPU
		{BE64A6D7-736B-42DD-A7A1-A85995808B11}.Win8.1 Release|Mixed Platforms.Build.0 = Release|Any CPU
		{BE64A6D7-736B-42DD-A7A1-A85995808B11}.Win8.1 Release|Win32.ActiveCfg = Release|Any CPU
		{BE64A6D7-736B-42DD-A7A1-A85995808B11}.Win8.1 Release|x64.ActiveCfg = Release|Any CPU
		{273C6838-D6B2-42A7-9722-05EF322E5AB9}.Debug|Any CPU.ActiveCfg = Debug|Any CPU
		{273C6838-D6B2-42A7-9722-05EF322E5AB9}.Debug|Any CPU.Build.0 = Debug|Any CPU
		{273C6838-D6B2-42A7-9722-05EF322E5AB9}.Debug|Any CPU.Deploy.0 = Debug|Any CPU
		{273C6838-D6B2-42A7-9722-05EF322E5AB9}.Debug|Mixed Platforms.ActiveCfg = Debug|Any CPU
		{273C6838-D6B2-42A7-9722-05EF322E5AB9}.Debug|Win32.ActiveCfg = Debug|Any CPU
		{273C6838-D6B2-42A7-9722-05EF322E5AB9}.Debug|x64.ActiveCfg = Debug|Any CPU
		{273C6838-D6B2-42A7-9722-05EF322E5AB9}.Release|Any CPU.ActiveCfg = Release|Any CPU
		{273C6838-D6B2-42A7-9722-05EF322E5AB9}.Release|Any CPU.Build.0 = Release|Any CPU
		{273C6838-D6B2-42A7-9722-05EF322E5AB9}.Release|Any CPU.Deploy.0 = Release|Any CPU
		{273C6838-D6B2-42A7-9722-05EF322E5AB9}.Release|Mixed Platforms.ActiveCfg = Release|Any CPU
		{273C6838-D6B2-42A7-9722-05EF322E5AB9}.Release|Mixed Platforms.Build.0 = Release|Any CPU
		{273C6838-D6B2-42A7-9722-05EF322E5AB9}.Release|Mixed Platforms.Deploy.0 = Release|Any CPU
		{273C6838-D6B2-42A7-9722-05EF322E5AB9}.Release|Win32.ActiveCfg = Release|Any CPU
		{273C6838-D6B2-42A7-9722-05EF322E5AB9}.Release|x64.ActiveCfg = Release|Any CPU
		{273C6838-D6B2-42A7-9722-05EF322E5AB9}.Win7 Debug|Any CPU.ActiveCfg = Debug|Any CPU
		{273C6838-D6B2-42A7-9722-05EF322E5AB9}.Win7 Debug|Any CPU.Build.0 = Debug|Any CPU
		{273C6838-D6B2-42A7-9722-05EF322E5AB9}.Win7 Debug|Any CPU.Deploy.0 = Debug|Any CPU
		{273C6838-D6B2-42A7-9722-05EF322E5AB9}.Win7 Debug|Mixed Platforms.ActiveCfg = Debug|Any CPU
		{273C6838-D6B2-42A7-9722-05EF322E5AB9}.Win7 Debug|Mixed Platforms.Build.0 = Debug|Any CPU
		{273C6838-D6B2-42A7-9722-05EF322E5AB9}.Win7 Debug|Mixed Platforms.Deploy.0 = Debug|Any CPU
		{273C6838-D6B2-42A7-9722-05EF322E5AB9}.Win7 Debug|Win32.ActiveCfg = Debug|Any CPU
		{273C6838-D6B2-42A7-9722-05EF322E5AB9}.Win7 Debug|x64.ActiveCfg = Debug|Any CPU
		{273C6838-D6B2-42A7-9722-05EF322E5AB9}.Win7 Release|Any CPU.ActiveCfg = Release|Any CPU
		{273C6838-D6B2-42A7-9722-05EF322E5AB9}.Win7 Release|Any CPU.Build.0 = Release|Any CPU
		{273C6838-D6B2-42A7-9722-05EF322E5AB9}.Win7 Release|Any CPU.Deploy.0 = Release|Any CPU
		{273C6838-D6B2-42A7-9722-05EF322E5AB9}.Win7 Release|Mixed Platforms.ActiveCfg = Release|Any CPU
		{273C6838-D6B2-42A7-9722-05EF322E5AB9}.Win7 Release|Mixed Platforms.Build.0 = Release|Any CPU
		{273C6838-D6B2-42A7-9722-05EF322E5AB9}.Win7 Release|Mixed Platforms.Deploy.0 = Release|Any CPU
		{273C6838-D6B2-42A7-9722-05EF322E5AB9}.Win7 Release|Win32.ActiveCfg = Release|Any CPU
		{273C6838-D6B2-42A7-9722-05EF322E5AB9}.Win7 Release|x64.ActiveCfg = Release|Any CPU
		{273C6838-D6B2-42A7-9722-05EF322E5AB9}.Win8 Debug|Any CPU.ActiveCfg = Debug|Any CPU
		{273C6838-D6B2-42A7-9722-05EF322E5AB9}.Win8 Debug|Any CPU.Build.0 = Debug|Any CPU
		{273C6838-D6B2-42A7-9722-05EF322E5AB9}.Win8 Debug|Any CPU.Deploy.0 = Debug|Any CPU
		{273C6838-D6B2-42A7-9722-05EF322E5AB9}.Win8 Debug|Mixed Platforms.ActiveCfg = Debug|Any CPU
		{273C6838-D6B2-42A7-9722-05EF322E5AB9}.Win8 Debug|Mixed Platforms.Build.0 = Debug|Any CPU
		{273C6838-D6B2-42A7-9722-05EF322E5AB9}.Win8 Debug|Mixed Platforms.Deploy.0 = Debug|Any CPU
		{273C6838-D6B2-42A7-9722-05EF322E5AB9}.Win8 Debug|Win32.ActiveCfg = Debug|Any CPU
		{273C6838-D6B2-42A7-9722-05EF322E5AB9}.Win8 Debug|x64.ActiveCfg = Debug|Any CPU
		{273C6838-D6B2-42A7-9722-05EF322E5AB9}.Win8 Release|Any CPU.ActiveCfg = Release|Any CPU
		{273C6838-D6B2-42A7-9722-05EF322E5AB9}.Win8 Release|Any CPU.Build.0 = Release|Any CPU
		{273C6838-D6B2-42A7-9722-05EF322E5AB9}.Win8 Release|Any CPU.Deploy.0 = Release|Any CPU
		{273C6838-D6B2-42A7-9722-05EF322E5AB9}.Win8 Release|Mixed Platforms.ActiveCfg = Release|Any CPU
		{273C6838-D6B2-42A7-9722-05EF322E5AB9}.Win8 Release|Mixed Platforms.Build.0 = Release|Any CPU
		{273C6838-D6B2-42A7-9722-05EF322E5AB9}.Win8 Release|Mixed Platforms.Deploy.0 = Release|Any CPU
		{273C6838-D6B2-42A7-9722-05EF322E5AB9}.Win8 Release|Win32.ActiveCfg = Release|Any CPU
		{273C6838-D6B2-42A7-9722-05EF322E5AB9}.Win8 Release|x64.ActiveCfg = Release|Any CPU
		{273C6838-D6B2-42A7-9722-05EF322E5AB9}.Win8.1 Debug|Any CPU.ActiveCfg = Debug|Any CPU
		{273C6838-D6B2-42A7-9722-05EF322E5AB9}.Win8.1 Debug|Any CPU.Build.0 = Debug|Any CPU
		{273C6838-D6B2-42A7-9722-05EF322E5AB9}.Win8.1 Debug|Any CPU.Deploy.0 = Debug|Any CPU
		{273C6838-D6B2-42A7-9722-05EF322E5AB9}.Win8.1 Debug|Mixed Platforms.ActiveCfg = Debug|Any CPU
		{273C6838-D6B2-42A7-9722-05EF322E5AB9}.Win8.1 Debug|Mixed Platforms.Build.0 = Debug|Any CPU
		{273C6838-D6B2-42A7-9722-05EF322E5AB9}.Win8.1 Debug|Mixed Platforms.Deploy.0 = Debug|Any CPU
		{273C6838-D6B2-42A7-9722-05EF322E5AB9}.Win8.1 Debug|Win32.ActiveCfg = Debug|Any CPU
		{273C6838-D6B2-42A7-9722-05EF322E5AB9}.Win8.1 Debug|x64.ActiveCfg = Debug|Any CPU
		{273C6838-D6B2-42A7-9722-05EF322E5AB9}.Win8.1 Release|Any CPU.ActiveCfg = Release|Any CPU
		{273C6838-D6B2-42A7-9722-05EF322E5AB9}.Win8.1 Release|Any CPU.Build.0 = Release|Any CPU
		{273C6838-D6B2-42A7-9722-05EF322E5AB9}.Win8.1 Release|Any CPU.Deploy.0 = Release|Any CPU
		{273C6838-D6B2-42A7-9722-05EF322E5AB9}.Win8.1 Release|Mixed Platforms.ActiveCfg = Release|Any CPU
		{273C6838-D6B2-42A7-9722-05EF322E5AB9}.Win8.1 Release|Mixed Platforms.Build.0 = Release|Any CPU
		{273C6838-D6B2-42A7-9722-05EF322E5AB9}.Win8.1 Release|Mixed Platforms.Deploy.0 = Release|Any CPU
		{273C6838-D6B2-42A7-9722-05EF322E5AB9}.Win8.1 Release|Win32.ActiveCfg = Release|Any CPU
		{273C6838-D6B2-42A7-9722-05EF322E5AB9}.Win8.1 Release|x64.ActiveCfg = Release|Any CPU
		{4CDC6051-5385-4EA7-9912-1F3C845F6128}.Debug|Any CPU.ActiveCfg = Debug|Any CPU
		{4CDC6051-5385-4EA7-9912-1F3C845F6128}.Debug|Any CPU.Build.0 = Debug|Any CPU
		{4CDC6051-5385-4EA7-9912-1F3C845F6128}.Debug|Mixed Platforms.ActiveCfg = Debug|Any CPU
		{4CDC6051-5385-4EA7-9912-1F3C845F6128}.Debug|Mixed Platforms.Build.0 = Debug|Any CPU
		{4CDC6051-5385-4EA7-9912-1F3C845F6128}.Debug|Win32.ActiveCfg = Debug|Any CPU
		{4CDC6051-5385-4EA7-9912-1F3C845F6128}.Debug|x64.ActiveCfg = Debug|x64
		{4CDC6051-5385-4EA7-9912-1F3C845F6128}.Release|Any CPU.ActiveCfg = Release|Any CPU
		{4CDC6051-5385-4EA7-9912-1F3C845F6128}.Release|Any CPU.Build.0 = Release|Any CPU
		{4CDC6051-5385-4EA7-9912-1F3C845F6128}.Release|Mixed Platforms.ActiveCfg = Release|Any CPU
		{4CDC6051-5385-4EA7-9912-1F3C845F6128}.Release|Mixed Platforms.Build.0 = Release|Any CPU
		{4CDC6051-5385-4EA7-9912-1F3C845F6128}.Release|Win32.ActiveCfg = Release|Any CPU
		{4CDC6051-5385-4EA7-9912-1F3C845F6128}.Release|x64.ActiveCfg = Release|Any CPU
		{4CDC6051-5385-4EA7-9912-1F3C845F6128}.Win7 Debug|Any CPU.ActiveCfg = Debug|Any CPU
		{4CDC6051-5385-4EA7-9912-1F3C845F6128}.Win7 Debug|Any CPU.Build.0 = Debug|Any CPU
		{4CDC6051-5385-4EA7-9912-1F3C845F6128}.Win7 Debug|Mixed Platforms.ActiveCfg = Debug|Any CPU
		{4CDC6051-5385-4EA7-9912-1F3C845F6128}.Win7 Debug|Mixed Platforms.Build.0 = Debug|Any CPU
		{4CDC6051-5385-4EA7-9912-1F3C845F6128}.Win7 Debug|Win32.ActiveCfg = Debug|Any CPU
		{4CDC6051-5385-4EA7-9912-1F3C845F6128}.Win7 Debug|x64.ActiveCfg = Debug|Any CPU
		{4CDC6051-5385-4EA7-9912-1F3C845F6128}.Win7 Release|Any CPU.ActiveCfg = Release|Any CPU
		{4CDC6051-5385-4EA7-9912-1F3C845F6128}.Win7 Release|Any CPU.Build.0 = Release|Any CPU
		{4CDC6051-5385-4EA7-9912-1F3C845F6128}.Win7 Release|Mixed Platforms.ActiveCfg = Release|Any CPU
		{4CDC6051-5385-4EA7-9912-1F3C845F6128}.Win7 Release|Mixed Platforms.Build.0 = Release|Any CPU
		{4CDC6051-5385-4EA7-9912-1F3C845F6128}.Win7 Release|Win32.ActiveCfg = Release|Any CPU
		{4CDC6051-5385-4EA7-9912-1F3C845F6128}.Win7 Release|x64.ActiveCfg = Release|Any CPU
		{4CDC6051-5385-4EA7-9912-1F3C845F6128}.Win8 Debug|Any CPU.ActiveCfg = Debug|Any CPU
		{4CDC6051-5385-4EA7-9912-1F3C845F6128}.Win8 Debug|Any CPU.Build.0 = Debug|Any CPU
		{4CDC6051-5385-4EA7-9912-1F3C845F6128}.Win8 Debug|Mixed Platforms.ActiveCfg = Debug|Any CPU
		{4CDC6051-5385-4EA7-9912-1F3C845F6128}.Win8 Debug|Mixed Platforms.Build.0 = Debug|Any CPU
		{4CDC6051-5385-4EA7-9912-1F3C845F6128}.Win8 Debug|Win32.ActiveCfg = Debug|Any CPU
		{4CDC6051-5385-4EA7-9912-1F3C845F6128}.Win8 Debug|x64.ActiveCfg = Debug|Any CPU
		{4CDC6051-5385-4EA7-9912-1F3C845F6128}.Win8 Release|Any CPU.ActiveCfg = Release|Any CPU
		{4CDC6051-5385-4EA7-9912-1F3C845F6128}.Win8 Release|Any CPU.Build.0 = Release|Any CPU
		{4CDC6051-5385-4EA7-9912-1F3C845F6128}.Win8 Release|Mixed Platforms.ActiveCfg = Release|Any CPU
		{4CDC6051-5385-4EA7-9912-1F3C845F6128}.Win8 Release|Mixed Platforms.Build.0 = Release|Any CPU
		{4CDC6051-5385-4EA7-9912-1F3C845F6128}.Win8 Release|Win32.ActiveCfg = Release|Any CPU
		{4CDC6051-5385-4EA7-9912-1F3C845F6128}.Win8 Release|x64.ActiveCfg = Release|Any CPU
		{4CDC6051-5385-4EA7-9912-1F3C845F6128}.Win8.1 Debug|Any CPU.ActiveCfg = Debug|Any CPU
		{4CDC6051-5385-4EA7-9912-1F3C845F6128}.Win8.1 Debug|Any CPU.Build.0 = Debug|Any CPU
		{4CDC6051-5385-4EA7-9912-1F3C845F6128}.Win8.1 Debug|Mixed Platforms.ActiveCfg = Debug|Any CPU
		{4CDC6051-5385-4EA7-9912-1F3C845F6128}.Win8.1 Debug|Mixed Platforms.Build.0 = Debug|Any CPU
		{4CDC6051-5385-4EA7-9912-1F3C845F6128}.Win8.1 Debug|Win32.ActiveCfg = Debug|Any CPU
		{4CDC6051-5385-4EA7-9912-1F3C845F6128}.Win8.1 Debug|x64.ActiveCfg = Debug|Any CPU
		{4CDC6051-5385-4EA7-9912-1F3C845F6128}.Win8.1 Release|Any CPU.ActiveCfg = Release|Any CPU
		{4CDC6051-5385-4EA7-9912-1F3C845F6128}.Win8.1 Release|Any CPU.Build.0 = Release|Any CPU
		{4CDC6051-5385-4EA7-9912-1F3C845F6128}.Win8.1 Release|Mixed Platforms.ActiveCfg = Release|Any CPU
		{4CDC6051-5385-4EA7-9912-1F3C845F6128}.Win8.1 Release|Mixed Platforms.Build.0 = Release|Any CPU
		{4CDC6051-5385-4EA7-9912-1F3C845F6128}.Win8.1 Release|Win32.ActiveCfg = Release|Any CPU
		{4CDC6051-5385-4EA7-9912-1F3C845F6128}.Win8.1 Release|x64.ActiveCfg = Release|Any CPU
		{AEFAE2DD-B743-43EB-A278-58C568B14D05}.Debug|Any CPU.ActiveCfg = Debug|Any CPU
		{AEFAE2DD-B743-43EB-A278-58C568B14D05}.Debug|Any CPU.Build.0 = Debug|Any CPU
		{AEFAE2DD-B743-43EB-A278-58C568B14D05}.Debug|Mixed Platforms.ActiveCfg = Debug|Any CPU
		{AEFAE2DD-B743-43EB-A278-58C568B14D05}.Debug|Mixed Platforms.Build.0 = Debug|Any CPU
		{AEFAE2DD-B743-43EB-A278-58C568B14D05}.Debug|Win32.ActiveCfg = Debug|Any CPU
		{AEFAE2DD-B743-43EB-A278-58C568B14D05}.Debug|x64.ActiveCfg = Debug|x64
		{AEFAE2DD-B743-43EB-A278-58C568B14D05}.Release|Any CPU.ActiveCfg = Release|Any CPU
		{AEFAE2DD-B743-43EB-A278-58C568B14D05}.Release|Any CPU.Build.0 = Release|Any CPU
		{AEFAE2DD-B743-43EB-A278-58C568B14D05}.Release|Mixed Platforms.ActiveCfg = Release|Any CPU
		{AEFAE2DD-B743-43EB-A278-58C568B14D05}.Release|Mixed Platforms.Build.0 = Release|Any CPU
		{AEFAE2DD-B743-43EB-A278-58C568B14D05}.Release|Win32.ActiveCfg = Release|Any CPU
		{AEFAE2DD-B743-43EB-A278-58C568B14D05}.Release|x64.ActiveCfg = Release|Any CPU
		{AEFAE2DD-B743-43EB-A278-58C568B14D05}.Win7 Debug|Any CPU.ActiveCfg = Debug|Any CPU
		{AEFAE2DD-B743-43EB-A278-58C568B14D05}.Win7 Debug|Any CPU.Build.0 = Debug|Any CPU
		{AEFAE2DD-B743-43EB-A278-58C568B14D05}.Win7 Debug|Mixed Platforms.ActiveCfg = Debug|Any CPU
		{AEFAE2DD-B743-43EB-A278-58C568B14D05}.Win7 Debug|Mixed Platforms.Build.0 = Debug|Any CPU
		{AEFAE2DD-B743-43EB-A278-58C568B14D05}.Win7 Debug|Win32.ActiveCfg = Debug|Any CPU
		{AEFAE2DD-B743-43EB-A278-58C568B14D05}.Win7 Debug|x64.ActiveCfg = Debug|Any CPU
		{AEFAE2DD-B743-43EB-A278-58C568B14D05}.Win7 Release|Any CPU.ActiveCfg = Release|Any CPU
		{AEFAE2DD-B743-43EB-A278-58C568B14D05}.Win7 Release|Any CPU.Build.0 = Release|Any CPU
		{AEFAE2DD-B743-43EB-A278-58C568B14D05}.Win7 Release|Mixed Platforms.ActiveCfg = Release|Any CPU
		{AEFAE2DD-B743-43EB-A278-58C568B14D05}.Win7 Release|Mixed Platforms.Build.0 = Release|Any CPU
		{AEFAE2DD-B743-43EB-A278-58C568B14D05}.Win7 Release|Win32.ActiveCfg = Release|Any CPU
		{AEFAE2DD-B743-43EB-A278-58C568B14D05}.Win7 Release|x64.ActiveCfg = Release|Any CPU
		{AEFAE2DD-B743-43EB-A278-58C568B14D05}.Win8 Debug|Any CPU.ActiveCfg = Debug|Any CPU
		{AEFAE2DD-B743-43EB-A278-58C568B14D05}.Win8 Debug|Any CPU.Build.0 = Debug|Any CPU
		{AEFAE2DD-B743-43EB-A278-58C568B14D05}.Win8 Debug|Mixed Platforms.ActiveCfg = Debug|Any CPU
		{AEFAE2DD-B743-43EB-A278-58C568B14D05}.Win8 Debug|Mixed Platforms.Build.0 = Debug|Any CPU
		{AEFAE2DD-B743-43EB-A278-58C568B14D05}.Win8 Debug|Win32.ActiveCfg = Debug|Any CPU
		{AEFAE2DD-B743-43EB-A278-58C568B14D05}.Win8 Debug|x64.ActiveCfg = Debug|Any CPU
		{AEFAE2DD-B743-43EB-A278-58C568B14D05}.Win8 Release|Any CPU.ActiveCfg = Release|Any CPU
		{AEFAE2DD-B743-43EB-A278-58C568B14D05}.Win8 Release|Any CPU.Build.0 = Release|Any CPU
		{AEFAE2DD-B743-43EB-A278-58C568B14D05}.Win8 Release|Mixed Platforms.ActiveCfg = Release|Any CPU
		{AEFAE2DD-B743-43EB-A278-58C568B14D05}.Win8 Release|Mixed Platforms.Build.0 = Release|Any CPU
		{AEFAE2DD-B743-43EB-A278-58C568B14D05}.Win8 Release|Win32.ActiveCfg = Release|Any CPU
		{AEFAE2DD-B743-43EB-A278-58C568B14D05}.Win8 Release|x64.ActiveCfg = Release|Any CPU
		{AEFAE2DD-B743-43EB-A278-58C568B14D05}.Win8.1 Debug|Any CPU.ActiveCfg = Debug|Any CPU
		{AEFAE2DD-B743-43EB-A278-58C568B14D05}.Win8.1 Debug|Any CPU.Build.0 = Debug|Any CPU
		{AEFAE2DD-B743-43EB-A278-58C568B14D05}.Win8.1 Debug|Mixed Platforms.ActiveCfg = Debug|Any CPU
		{AEFAE2DD-B743-43EB-A278-58C568B14D05}.Win8.1 Debug|Mixed Platforms.Build.0 = Debug|Any CPU
		{AEFAE2DD-B743-43EB-A278-58C568B14D05}.Win8.1 Debug|Win32.ActiveCfg = Debug|Any CPU
		{AEFAE2DD-B743-43EB-A278-58C568B14D05}.Win8.1 Debug|x64.ActiveCfg = Debug|Any CPU
		{AEFAE2DD-B743-43EB-A278-58C568B14D05}.Win8.1 Release|Any CPU.ActiveCfg = Release|Any CPU
		{AEFAE2DD-B743-43EB-A278-58C568B14D05}.Win8.1 Release|Any CPU.Build.0 = Release|Any CPU
		{AEFAE2DD-B743-43EB-A278-58C568B14D05}.Win8.1 Release|Mixed Platforms.ActiveCfg = Release|Any CPU
		{AEFAE2DD-B743-43EB-A278-58C568B14D05}.Win8.1 Release|Mixed Platforms.Build.0 = Release|Any CPU
		{AEFAE2DD-B743-43EB-A278-58C568B14D05}.Win8.1 Release|Win32.ActiveCfg = Release|Any CPU
		{AEFAE2DD-B743-43EB-A278-58C568B14D05}.Win8.1 Release|x64.ActiveCfg = Release|Any CPU
		{0DEE6D9F-A368-4286-863D-DC32F7DAFA95}.Debug|Any CPU.ActiveCfg = Debug|Win32
		{0DEE6D9F-A368-4286-863D-DC32F7DAFA95}.Debug|Any CPU.Build.0 = Debug|Win32
		{0DEE6D9F-A368-4286-863D-DC32F7DAFA95}.Debug|Mixed Platforms.ActiveCfg = Debug|Win32
		{0DEE6D9F-A368-4286-863D-DC32F7DAFA95}.Debug|Mixed Platforms.Build.0 = Debug|Win32
		{0DEE6D9F-A368-4286-863D-DC32F7DAFA95}.Debug|Win32.ActiveCfg = Debug|Win32
		{0DEE6D9F-A368-4286-863D-DC32F7DAFA95}.Debug|Win32.Build.0 = Debug|Win32
		{0DEE6D9F-A368-4286-863D-DC32F7DAFA95}.Debug|x64.ActiveCfg = Debug|x64
		{0DEE6D9F-A368-4286-863D-DC32F7DAFA95}.Release|Any CPU.ActiveCfg = Release|Win32
		{0DEE6D9F-A368-4286-863D-DC32F7DAFA95}.Release|Mixed Platforms.ActiveCfg = Release|Win32
		{0DEE6D9F-A368-4286-863D-DC32F7DAFA95}.Release|Mixed Platforms.Build.0 = Release|Win32
		{0DEE6D9F-A368-4286-863D-DC32F7DAFA95}.Release|Win32.ActiveCfg = Release|Win32
		{0DEE6D9F-A368-4286-863D-DC32F7DAFA95}.Release|Win32.Build.0 = Release|Win32
		{0DEE6D9F-A368-4286-863D-DC32F7DAFA95}.Release|x64.ActiveCfg = Release|Win32
		{0DEE6D9F-A368-4286-863D-DC32F7DAFA95}.Win7 Debug|Any CPU.ActiveCfg = Debug|Win32
		{0DEE6D9F-A368-4286-863D-DC32F7DAFA95}.Win7 Debug|Mixed Platforms.ActiveCfg = Debug|Win32
		{0DEE6D9F-A368-4286-863D-DC32F7DAFA95}.Win7 Debug|Mixed Platforms.Build.0 = Debug|Win32
		{0DEE6D9F-A368-4286-863D-DC32F7DAFA95}.Win7 Debug|Win32.ActiveCfg = Debug|Win32
		{0DEE6D9F-A368-4286-863D-DC32F7DAFA95}.Win7 Debug|Win32.Build.0 = Debug|Win32
		{0DEE6D9F-A368-4286-863D-DC32F7DAFA95}.Win7 Debug|x64.ActiveCfg = Debug|Win32
		{0DEE6D9F-A368-4286-863D-DC32F7DAFA95}.Win7 Release|Any CPU.ActiveCfg = Release|Win32
		{0DEE6D9F-A368-4286-863D-DC32F7DAFA95}.Win7 Release|Mixed Platforms.ActiveCfg = Release|Win32
		{0DEE6D9F-A368-4286-863D-DC32F7DAFA95}.Win7 Release|Mixed Platforms.Build.0 = Release|Win32
		{0DEE6D9F-A368-4286-863D-DC32F7DAFA95}.Win7 Release|Win32.ActiveCfg = Release|Win32
		{0DEE6D9F-A368-4286-863D-DC32F7DAFA95}.Win7 Release|Win32.Build.0 = Release|Win32
		{0DEE6D9F-A368-4286-863D-DC32F7DAFA95}.Win7 Release|x64.ActiveCfg = Release|Win32
		{0DEE6D9F-A368-4286-863D-DC32F7DAFA95}.Win8 Debug|Any CPU.ActiveCfg = Debug|Win32
		{0DEE6D9F-A368-4286-863D-DC32F7DAFA95}.Win8 Debug|Mixed Platforms.ActiveCfg = Debug|Win32
		{0DEE6D9F-A368-4286-863D-DC32F7DAFA95}.Win8 Debug|Mixed Platforms.Build.0 = Debug|Win32
		{0DEE6D9F-A368-4286-863D-DC32F7DAFA95}.Win8 Debug|Win32.ActiveCfg = Debug|Win32
		{0DEE6D9F-A368-4286-863D-DC32F7DAFA95}.Win8 Debug|Win32.Build.0 = Debug|Win32
		{0DEE6D9F-A368-4286-863D-DC32F7DAFA95}.Win8 Debug|x64.ActiveCfg = Debug|Win32
		{0DEE6D9F-A368-4286-863D-DC32F7DAFA95}.Win8 Release|Any CPU.ActiveCfg = Release|Win32
		{0DEE6D9F-A368-4286-863D-DC32F7DAFA95}.Win8 Release|Mixed Platforms.ActiveCfg = Release|Win32
		{0DEE6D9F-A368-4286-863D-DC32F7DAFA95}.Win8 Release|Mixed Platforms.Build.0 = Release|Win32
		{0DEE6D9F-A368-4286-863D-DC32F7DAFA95}.Win8 Release|Win32.ActiveCfg = Release|Win32
		{0DEE6D9F-A368-4286-863D-DC32F7DAFA95}.Win8 Release|Win32.Build.0 = Release|Win32
		{0DEE6D9F-A368-4286-863D-DC32F7DAFA95}.Win8 Release|x64.ActiveCfg = Release|Win32
		{0DEE6D9F-A368-4286-863D-DC32F7DAFA95}.Win8.1 Debug|Any CPU.ActiveCfg = Debug|Win32
		{0DEE6D9F-A368-4286-863D-DC32F7DAFA95}.Win8.1 Debug|Mixed Platforms.ActiveCfg = Debug|Win32
		{0DEE6D9F-A368-4286-863D-DC32F7DAFA95}.Win8.1 Debug|Mixed Platforms.Build.0 = Debug|Win32
		{0DEE6D9F-A368-4286-863D-DC32F7DAFA95}.Win8.1 Debug|Win32.ActiveCfg = Debug|Win32
		{0DEE6D9F-A368-4286-863D-DC32F7DAFA95}.Win8.1 Debug|Win32.Build.0 = Debug|Win32
		{0DEE6D9F-A368-4286-863D-DC32F7DAFA95}.Win8.1 Debug|x64.ActiveCfg = Debug|Win32
		{0DEE6D9F-A368-4286-863D-DC32F7DAFA95}.Win8.1 Release|Any CPU.ActiveCfg = Release|Win32
		{0DEE6D9F-A368-4286-863D-DC32F7DAFA95}.Win8.1 Release|Mixed Platforms.ActiveCfg = Release|Win32
		{0DEE6D9F-A368-4286-863D-DC32F7DAFA95}.Win8.1 Release|Mixed Platforms.Build.0 = Release|Win32
		{0DEE6D9F-A368-4286-863D-DC32F7DAFA95}.Win8.1 Release|Win32.ActiveCfg = Release|Win32
		{0DEE6D9F-A368-4286-863D-DC32F7DAFA95}.Win8.1 Release|Win32.Build.0 = Release|Win32
		{0DEE6D9F-A368-4286-863D-DC32F7DAFA95}.Win8.1 Release|x64.ActiveCfg = Release|Win32
		{F6E72B20-5076-4F58-B22B-EDEFA940EA87}.Debug|Any CPU.ActiveCfg = Win8.1 Debug|Win32
		{F6E72B20-5076-4F58-B22B-EDEFA940EA87}.Debug|Mixed Platforms.ActiveCfg = Win8.1 Debug|Win32
		{F6E72B20-5076-4F58-B22B-EDEFA940EA87}.Debug|Mixed Platforms.Build.0 = Win8.1 Debug|Win32
		{F6E72B20-5076-4F58-B22B-EDEFA940EA87}.Debug|Win32.ActiveCfg = Win8.1 Debug|Win32
		{F6E72B20-5076-4F58-B22B-EDEFA940EA87}.Debug|Win32.Build.0 = Win8.1 Debug|Win32
		{F6E72B20-5076-4F58-B22B-EDEFA940EA87}.Debug|x64.ActiveCfg = Win8.1 Debug|x64
		{F6E72B20-5076-4F58-B22B-EDEFA940EA87}.Debug|x64.Build.0 = Win8.1 Debug|x64
		{F6E72B20-5076-4F58-B22B-EDEFA940EA87}.Release|Any CPU.ActiveCfg = Win8.1 Release|Win32
		{F6E72B20-5076-4F58-B22B-EDEFA940EA87}.Release|Mixed Platforms.ActiveCfg = Win8.1 Release|Win32
		{F6E72B20-5076-4F58-B22B-EDEFA940EA87}.Release|Mixed Platforms.Build.0 = Win8.1 Release|Win32
		{F6E72B20-5076-4F58-B22B-EDEFA940EA87}.Release|Win32.ActiveCfg = Win8.1 Release|Win32
		{F6E72B20-5076-4F58-B22B-EDEFA940EA87}.Release|Win32.Build.0 = Win8.1 Release|Win32
		{F6E72B20-5076-4F58-B22B-EDEFA940EA87}.Release|x64.ActiveCfg = Win8.1 Release|x64
		{F6E72B20-5076-4F58-B22B-EDEFA940EA87}.Release|x64.Build.0 = Win8.1 Release|x64
		{F6E72B20-5076-4F58-B22B-EDEFA940EA87}.Win7 Debug|Any CPU.ActiveCfg = Win7 Debug|Win32
		{F6E72B20-5076-4F58-B22B-EDEFA940EA87}.Win7 Debug|Mixed Platforms.ActiveCfg = Win7 Debug|Win32
		{F6E72B20-5076-4F58-B22B-EDEFA940EA87}.Win7 Debug|Mixed Platforms.Build.0 = Win7 Debug|Win32
		{F6E72B20-5076-4F58-B22B-EDEFA940EA87}.Win7 Debug|Win32.ActiveCfg = Win7 Debug|Win32
		{F6E72B20-5076-4F58-B22B-EDEFA940EA87}.Win7 Debug|Win32.Build.0 = Win7 Debug|Win32
		{F6E72B20-5076-4F58-B22B-EDEFA940EA87}.Win7 Debug|x64.ActiveCfg = Win7 Debug|x64
		{F6E72B20-5076-4F58-B22B-EDEFA940EA87}.Win7 Debug|x64.Build.0 = Win7 Debug|x64
		{F6E72B20-5076-4F58-B22B-EDEFA940EA87}.Win7 Release|Any CPU.ActiveCfg = Win7 Release|Win32
		{F6E72B20-5076-4F58-B22B-EDEFA940EA87}.Win7 Release|Mixed Platforms.ActiveCfg = Win7 Release|Win32
		{F6E72B20-5076-4F58-B22B-EDEFA940EA87}.Win7 Release|Mixed Platforms.Build.0 = Win7 Release|Win32
		{F6E72B20-5076-4F58-B22B-EDEFA940EA87}.Win7 Release|Win32.ActiveCfg = Win7 Release|Win32
		{F6E72B20-5076-4F58-B22B-EDEFA940EA87}.Win7 Release|Win32.Build.0 = Win7 Release|Win32
		{F6E72B20-5076-4F58-B22B-EDEFA940EA87}.Win7 Release|x64.ActiveCfg = Win7 Release|x64
		{F6E72B20-5076-4F58-B22B-EDEFA940EA87}.Win7 Release|x64.Build.0 = Win7 Release|x64
		{F6E72B20-5076-4F58-B22B-EDEFA940EA87}.Win8 Debug|Any CPU.ActiveCfg = Win8 Debug|Win32
		{F6E72B20-5076-4F58-B22B-EDEFA940EA87}.Win8 Debug|Mixed Platforms.ActiveCfg = Win8 Debug|Win32
		{F6E72B20-5076-4F58-B22B-EDEFA940EA87}.Win8 Debug|Mixed Platforms.Build.0 = Win8 Debug|Win32
		{F6E72B20-5076-4F58-B22B-EDEFA940EA87}.Win8 Debug|Win32.ActiveCfg = Win8 Debug|Win32
		{F6E72B20-5076-4F58-B22B-EDEFA940EA87}.Win8 Debug|Win32.Build.0 = Win8 Debug|Win32
		{F6E72B20-5076-4F58-B22B-EDEFA940EA87}.Win8 Debug|x64.ActiveCfg = Win8 Debug|x64
		{F6E72B20-5076-4F58-B22B-EDEFA940EA87}.Win8 Debug|x64.Build.0 = Win8 Debug|x64
		{F6E72B20-5076-4F58-B22B-EDEFA940EA87}.Win8 Release|Any CPU.ActiveCfg = Win8 Release|Win32
		{F6E72B20-5076-4F58-B22B-EDEFA940EA87}.Win8 Release|Mixed Platforms.ActiveCfg = Win8 Release|Win32
		{F6E72B20-5076-4F58-B22B-EDEFA940EA87}.Win8 Release|Mixed Platforms.Build.0 = Win8 Release|Win32
		{F6E72B20-5076-4F58-B22B-EDEFA940EA87}.Win8 Release|Win32.ActiveCfg = Win8 Release|Win32
		{F6E72B20-5076-4F58-B22B-EDEFA940EA87}.Win8 Release|Win32.Build.0 = Win8 Release|Win32
		{F6E72B20-5076-4F58-B22B-EDEFA940EA87}.Win8 Release|x64.ActiveCfg = Win8 Release|x64
		{F6E72B20-5076-4F58-B22B-EDEFA940EA87}.Win8 Release|x64.Build.0 = Win8 Release|x64
		{F6E72B20-5076-4F58-B22B-EDEFA940EA87}.Win8.1 Debug|Any CPU.ActiveCfg = Win8.1 Debug|Win32
		{F6E72B20-5076-4F58-B22B-EDEFA940EA87}.Win8.1 Debug|Mixed Platforms.ActiveCfg = Win8.1 Debug|Win32
		{F6E72B20-5076-4F58-B22B-EDEFA940EA87}.Win8.1 Debug|Mixed Platforms.Build.0 = Win8.1 Debug|Win32
		{F6E72B20-5076-4F58-B22B-EDEFA940EA87}.Win8.1 Debug|Win32.ActiveCfg = Win8.1 Debug|Win32
		{F6E72B20-5076-4F58-B22B-EDEFA940EA87}.Win8.1 Debug|Win32.Build.0 = Win8.1 Debug|Win32
		{F6E72B20-5076-4F58-B22B-EDEFA940EA87}.Win8.1 Debug|x64.ActiveCfg = Win8.1 Debug|x64
		{F6E72B20-5076-4F58-B22B-EDEFA940EA87}.Win8.1 Debug|x64.Build.0 = Win8.1 Debug|x64
		{F6E72B20-5076-4F58-B22B-EDEFA940EA87}.Win8.1 Release|Any CPU.ActiveCfg = Win8.1 Release|Win32
		{F6E72B20-5076-4F58-B22B-EDEFA940EA87}.Win8.1 Release|Mixed Platforms.ActiveCfg = Win8.1 Release|Win32
		{F6E72B20-5076-4F58-B22B-EDEFA940EA87}.Win8.1 Release|Mixed Platforms.Build.0 = Win8.1 Release|Win32
		{F6E72B20-5076-4F58-B22B-EDEFA940EA87}.Win8.1 Release|Win32.ActiveCfg = Win8.1 Release|Win32
		{F6E72B20-5076-4F58-B22B-EDEFA940EA87}.Win8.1 Release|Win32.Build.0 = Win8.1 Release|Win32
		{F6E72B20-5076-4F58-B22B-EDEFA940EA87}.Win8.1 Release|x64.ActiveCfg = Win8.1 Release|x64
		{F6E72B20-5076-4F58-B22B-EDEFA940EA87}.Win8.1 Release|x64.Build.0 = Win8.1 Release|x64
		{EC3115C2-86A6-498C-B5B5-BE9EE06A6FD5}.Debug|Any CPU.ActiveCfg = Win8.1 Debug|Win32
		{EC3115C2-86A6-498C-B5B5-BE9EE06A6FD5}.Debug|Mixed Platforms.ActiveCfg = Win8.1 Debug|Win32
		{EC3115C2-86A6-498C-B5B5-BE9EE06A6FD5}.Debug|Mixed Platforms.Build.0 = Win8.1 Debug|Win32
		{EC3115C2-86A6-498C-B5B5-BE9EE06A6FD5}.Debug|Win32.ActiveCfg = Win8.1 Debug|Win32
		{EC3115C2-86A6-498C-B5B5-BE9EE06A6FD5}.Debug|Win32.Build.0 = Win8.1 Debug|Win32
		{EC3115C2-86A6-498C-B5B5-BE9EE06A6FD5}.Debug|x64.ActiveCfg = Win8.1 Debug|x64
		{EC3115C2-86A6-498C-B5B5-BE9EE06A6FD5}.Release|Any CPU.ActiveCfg = Win8.1 Release|Win32
		{EC3115C2-86A6-498C-B5B5-BE9EE06A6FD5}.Release|Mixed Platforms.ActiveCfg = Win8.1 Release|Win32
		{EC3115C2-86A6-498C-B5B5-BE9EE06A6FD5}.Release|Mixed Platforms.Build.0 = Win8.1 Release|Win32
		{EC3115C2-86A6-498C-B5B5-BE9EE06A6FD5}.Release|Win32.ActiveCfg = Win8.1 Release|Win32
		{EC3115C2-86A6-498C-B5B5-BE9EE06A6FD5}.Release|Win32.Build.0 = Win8.1 Release|Win32
		{EC3115C2-86A6-498C-B5B5-BE9EE06A6FD5}.Release|x64.ActiveCfg = Win8.1 Release|x64
		{EC3115C2-86A6-498C-B5B5-BE9EE06A6FD5}.Release|x64.Build.0 = Win8.1 Release|x64
		{EC3115C2-86A6-498C-B5B5-BE9EE06A6FD5}.Win7 Debug|Any CPU.ActiveCfg = Win7 Debug|Win32
		{EC3115C2-86A6-498C-B5B5-BE9EE06A6FD5}.Win7 Debug|Mixed Platforms.ActiveCfg = Win7 Debug|Win32
		{EC3115C2-86A6-498C-B5B5-BE9EE06A6FD5}.Win7 Debug|Mixed Platforms.Build.0 = Win7 Debug|Win32
		{EC3115C2-86A6-498C-B5B5-BE9EE06A6FD5}.Win7 Debug|Win32.ActiveCfg = Win7 Debug|Win32
		{EC3115C2-86A6-498C-B5B5-BE9EE06A6FD5}.Win7 Debug|Win32.Build.0 = Win7 Debug|Win32
		{EC3115C2-86A6-498C-B5B5-BE9EE06A6FD5}.Win7 Debug|x64.ActiveCfg = Win7 Debug|x64
		{EC3115C2-86A6-498C-B5B5-BE9EE06A6FD5}.Win7 Debug|x64.Build.0 = Win7 Debug|x64
		{EC3115C2-86A6-498C-B5B5-BE9EE06A6FD5}.Win7 Release|Any CPU.ActiveCfg = Win7 Release|Win32
		{EC3115C2-86A6-498C-B5B5-BE9EE06A6FD5}.Win7 Release|Mixed Platforms.ActiveCfg = Win7 Release|Win32
		{EC3115C2-86A6-498C-B5B5-BE9EE06A6FD5}.Win7 Release|Mixed Platforms.Build.0 = Win7 Release|Win32
		{EC3115C2-86A6-498C-B5B5-BE9EE06A6FD5}.Win7 Release|Win32.ActiveCfg = Win7 Release|Win32
		{EC3115C2-86A6-498C-B5B5-BE9EE06A6FD5}.Win7 Release|Win32.Build.0 = Win7 Release|Win32
		{EC3115C2-86A6-498C-B5B5-BE9EE06A6FD5}.Win7 Release|x64.ActiveCfg = Win7 Release|x64
		{EC3115C2-86A6-498C-B5B5-BE9EE06A6FD5}.Win7 Release|x64.Build.0 = Win7 Release|x64
		{EC3115C2-86A6-498C-B5B5-BE9EE06A6FD5}.Win8 Debug|Any CPU.ActiveCfg = Win8 Debug|Win32
		{EC3115C2-86A6-498C-B5B5-BE9EE06A6FD5}.Win8 Debug|Mixed Platforms.ActiveCfg = Win8 Debug|Win32
		{EC3115C2-86A6-498C-B5B5-BE9EE06A6FD5}.Win8 Debug|Mixed Platforms.Build.0 = Win8 Debug|Win32
		{EC3115C2-86A6-498C-B5B5-BE9EE06A6FD5}.Win8 Debug|Win32.ActiveCfg = Win8 Debug|Win32
		{EC3115C2-86A6-498C-B5B5-BE9EE06A6FD5}.Win8 Debug|Win32.Build.0 = Win8 Debug|Win32
		{EC3115C2-86A6-498C-B5B5-BE9EE06A6FD5}.Win8 Debug|x64.ActiveCfg = Win8 Debug|x64
		{EC3115C2-86A6-498C-B5B5-BE9EE06A6FD5}.Win8 Debug|x64.Build.0 = Win8 Debug|x64
		{EC3115C2-86A6-498C-B5B5-BE9EE06A6FD5}.Win8 Release|Any CPU.ActiveCfg = Win8 Release|Win32
		{EC3115C2-86A6-498C-B5B5-BE9EE06A6FD5}.Win8 Release|Mixed Platforms.ActiveCfg = Win8 Release|Win32
		{EC3115C2-86A6-498C-B5B5-BE9EE06A6FD5}.Win8 Release|Mixed Platforms.Build.0 = Win8 Release|Win32
		{EC3115C2-86A6-498C-B5B5-BE9EE06A6FD5}.Win8 Release|Win32.ActiveCfg = Win8 Release|Win32
		{EC3115C2-86A6-498C-B5B5-BE9EE06A6FD5}.Win8 Release|Win32.Build.0 = Win8 Release|Win32
		{EC3115C2-86A6-498C-B5B5-BE9EE06A6FD5}.Win8 Release|x64.ActiveCfg = Win8 Release|x64
		{EC3115C2-86A6-498C-B5B5-BE9EE06A6FD5}.Win8 Release|x64.Build.0 = Win8 Release|x64
		{EC3115C2-86A6-498C-B5B5-BE9EE06A6FD5}.Win8.1 Debug|Any CPU.ActiveCfg = Win8.1 Debug|Win32
		{EC3115C2-86A6-498C-B5B5-BE9EE06A6FD5}.Win8.1 Debug|Mixed Platforms.ActiveCfg = Win8.1 Debug|Win32
		{EC3115C2-86A6-498C-B5B5-BE9EE06A6FD5}.Win8.1 Debug|Mixed Platforms.Build.0 = Win8.1 Debug|Win32
		{EC3115C2-86A6-498C-B5B5-BE9EE06A6FD5}.Win8.1 Debug|Win32.ActiveCfg = Win8.1 Debug|Win32
		{EC3115C2-86A6-498C-B5B5-BE9EE06A6FD5}.Win8.1 Debug|Win32.Build.0 = Win8.1 Debug|Win32
		{EC3115C2-86A6-498C-B5B5-BE9EE06A6FD5}.Win8.1 Debug|x64.ActiveCfg = Win8.1 Debug|x64
		{EC3115C2-86A6-498C-B5B5-BE9EE06A6FD5}.Win8.1 Debug|x64.Build.0 = Win8.1 Debug|x64
		{EC3115C2-86A6-498C-B5B5-BE9EE06A6FD5}.Win8.1 Release|Any CPU.ActiveCfg = Win8.1 Release|Win32
		{EC3115C2-86A6-498C-B5B5-BE9EE06A6FD5}.Win8.1 Release|Mixed Platforms.ActiveCfg = Win8.1 Release|Win32
		{EC3115C2-86A6-498C-B5B5-BE9EE06A6FD5}.Win8.1 Release|Mixed Platforms.Build.0 = Win8.1 Release|Win32
		{EC3115C2-86A6-498C-B5B5-BE9EE06A6FD5}.Win8.1 Release|Win32.ActiveCfg = Win8.1 Release|Win32
		{EC3115C2-86A6-498C-B5B5-BE9EE06A6FD5}.Win8.1 Release|Win32.Build.0 = Win8.1 Release|Win32
		{EC3115C2-86A6-498C-B5B5-BE9EE06A6FD5}.Win8.1 Release|x64.ActiveCfg = Win8.1 Release|x64
		{EC3115C2-86A6-498C-B5B5-BE9EE06A6FD5}.Win8.1 Release|x64.Build.0 = Win8.1 Release|x64
		{77FE1B1C-5901-4D1C-850E-303E9206B9FB}.Debug|Any CPU.ActiveCfg = Debug|Win32
		{77FE1B1C-5901-4D1C-850E-303E9206B9FB}.Debug|Mixed Platforms.ActiveCfg = Debug|Win32
		{77FE1B1C-5901-4D1C-850E-303E9206B9FB}.Debug|Mixed Platforms.Build.0 = Debug|Win32
		{77FE1B1C-5901-4D1C-850E-303E9206B9FB}.Debug|Win32.ActiveCfg = Debug|Win32
		{77FE1B1C-5901-4D1C-850E-303E9206B9FB}.Debug|Win32.Build.0 = Debug|Win32
		{77FE1B1C-5901-4D1C-850E-303E9206B9FB}.Debug|x64.ActiveCfg = Debug|x64
		{77FE1B1C-5901-4D1C-850E-303E9206B9FB}.Debug|x64.Build.0 = Debug|x64
		{77FE1B1C-5901-4D1C-850E-303E9206B9FB}.Release|Any CPU.ActiveCfg = Release|Win32
		{77FE1B1C-5901-4D1C-850E-303E9206B9FB}.Release|Mixed Platforms.ActiveCfg = Release|Win32
		{77FE1B1C-5901-4D1C-850E-303E9206B9FB}.Release|Mixed Platforms.Build.0 = Release|Win32
		{77FE1B1C-5901-4D1C-850E-303E9206B9FB}.Release|Win32.ActiveCfg = Release|Win32
		{77FE1B1C-5901-4D1C-850E-303E9206B9FB}.Release|Win32.Build.0 = Release|Win32
		{77FE1B1C-5901-4D1C-850E-303E9206B9FB}.Release|x64.ActiveCfg = Release|Win32
		{77FE1B1C-5901-4D1C-850E-303E9206B9FB}.Win7 Debug|Any CPU.ActiveCfg = Debug|Win32
		{77FE1B1C-5901-4D1C-850E-303E9206B9FB}.Win7 Debug|Mixed Platforms.ActiveCfg = Debug|Win32
		{77FE1B1C-5901-4D1C-850E-303E9206B9FB}.Win7 Debug|Mixed Platforms.Build.0 = Debug|Win32
		{77FE1B1C-5901-4D1C-850E-303E9206B9FB}.Win7 Debug|Win32.ActiveCfg = Debug|Win32
		{77FE1B1C-5901-4D1C-850E-303E9206B9FB}.Win7 Debug|Win32.Build.0 = Debug|Win32
		{77FE1B1C-5901-4D1C-850E-303E9206B9FB}.Win7 Debug|x64.ActiveCfg = Debug|Win32
		{77FE1B1C-5901-4D1C-850E-303E9206B9FB}.Win7 Release|Any CPU.ActiveCfg = Release|Win32
		{77FE1B1C-5901-4D1C-850E-303E9206B9FB}.Win7 Release|Mixed Platforms.ActiveCfg = Release|Win32
		{77FE1B1C-5901-4D1C-850E-303E9206B9FB}.Win7 Release|Mixed Platforms.Build.0 = Release|Win32
		{77FE1B1C-5901-4D1C-850E-303E9206B9FB}.Win7 Release|Win32.ActiveCfg = Release|Win32
		{77FE1B1C-5901-4D1C-850E-303E9206B9FB}.Win7 Release|Win32.Build.0 = Release|Win32
		{77FE1B1C-5901-4D1C-850E-303E9206B9FB}.Win7 Release|x64.ActiveCfg = Release|Win32
		{77FE1B1C-5901-4D1C-850E-303E9206B9FB}.Win8 Debug|Any CPU.ActiveCfg = Debug|Win32
		{77FE1B1C-5901-4D1C-850E-303E9206B9FB}.Win8 Debug|Mixed Platforms.ActiveCfg = Debug|Win32
		{77FE1B1C-5901-4D1C-850E-303E9206B9FB}.Win8 Debug|Mixed Platforms.Build.0 = Debug|Win32
		{77FE1B1C-5901-4D1C-850E-303E9206B9FB}.Win8 Debug|Win32.ActiveCfg = Debug|Win32
		{77FE1B1C-5901-4D1C-850E-303E9206B9FB}.Win8 Debug|Win32.Build.0 = Debug|Win32
		{77FE1B1C-5901-4D1C-850E-303E9206B9FB}.Win8 Debug|x64.ActiveCfg = Debug|Win32
		{77FE1B1C-5901-4D1C-850E-303E9206B9FB}.Win8 Release|Any CPU.ActiveCfg = Release|Win32
		{77FE1B1C-5901-4D1C-850E-303E9206B9FB}.Win8 Release|Mixed Platforms.ActiveCfg = Release|Win32
		{77FE1B1C-5901-4D1C-850E-303E9206B9FB}.Win8 Release|Mixed Platforms.Build.0 = Release|Win32
		{77FE1B1C-5901-4D1C-850E-303E9206B9FB}.Win8 Release|Win32.ActiveCfg = Release|Win32
		{77FE1B1C-5901-4D1C-850E-303E9206B9FB}.Win8 Release|Win32.Build.0 = Release|Win32
		{77FE1B1C-5901-4D1C-850E-303E9206B9FB}.Win8 Release|x64.ActiveCfg = Release|Win32
		{77FE1B1C-5901-4D1C-850E-303E9206B9FB}.Win8.1 Debug|Any CPU.ActiveCfg = Debug|Win32
		{77FE1B1C-5901-4D1C-850E-303E9206B9FB}.Win8.1 Debug|Mixed Platforms.ActiveCfg = Debug|Win32
		{77FE1B1C-5901-4D1C-850E-303E9206B9FB}.Win8.1 Debug|Mixed Platforms.Build.0 = Debug|Win32
		{77FE1B1C-5901-4D1C-850E-303E9206B9FB}.Win8.1 Debug|Win32.ActiveCfg = Debug|Win32
		{77FE1B1C-5901-4D1C-850E-303E9206B9FB}.Win8.1 Debug|Win32.Build.0 = Debug|Win32
		{77FE1B1C-5901-4D1C-850E-303E9206B9FB}.Win8.1 Debug|x64.ActiveCfg = Debug|Win32
		{77FE1B1C-5901-4D1C-850E-303E9206B9FB}.Win8.1 Release|Any CPU.ActiveCfg = Release|Win32
		{77FE1B1C-5901-4D1C-850E-303E9206B9FB}.Win8.1 Release|Mixed Platforms.ActiveCfg = Release|Win32
		{77FE1B1C-5901-4D1C-850E-303E9206B9FB}.Win8.1 Release|Mixed Platforms.Build.0 = Release|Win32
		{77FE1B1C-5901-4D1C-850E-303E9206B9FB}.Win8.1 Release|Win32.ActiveCfg = Release|Win32
		{77FE1B1C-5901-4D1C-850E-303E9206B9FB}.Win8.1 Release|Win32.Build.0 = Release|Win32
		{77FE1B1C-5901-4D1C-850E-303E9206B9FB}.Win8.1 Release|x64.ActiveCfg = Release|Win32
		{A486D49B-C137-49ED-BD3C-944DF900BE7B}.Debug|Any CPU.ActiveCfg = Debug|Win32
		{A486D49B-C137-49ED-BD3C-944DF900BE7B}.Debug|Mixed Platforms.ActiveCfg = Debug|Win32
		{A486D49B-C137-49ED-BD3C-944DF900BE7B}.Debug|Mixed Platforms.Build.0 = Debug|Win32
		{A486D49B-C137-49ED-BD3C-944DF900BE7B}.Debug|Win32.ActiveCfg = Debug|Win32
		{A486D49B-C137-49ED-BD3C-944DF900BE7B}.Debug|Win32.Build.0 = Debug|Win32
		{A486D49B-C137-49ED-BD3C-944DF900BE7B}.Debug|x64.ActiveCfg = Debug|x64
		{A486D49B-C137-49ED-BD3C-944DF900BE7B}.Debug|x64.Build.0 = Debug|x64
		{A486D49B-C137-49ED-BD3C-944DF900BE7B}.Release|Any CPU.ActiveCfg = Release|Win32
		{A486D49B-C137-49ED-BD3C-944DF900BE7B}.Release|Mixed Platforms.ActiveCfg = Release|Win32
		{A486D49B-C137-49ED-BD3C-944DF900BE7B}.Release|Mixed Platforms.Build.0 = Release|Win32
		{A486D49B-C137-49ED-BD3C-944DF900BE7B}.Release|Win32.ActiveCfg = Release|Win32
		{A486D49B-C137-49ED-BD3C-944DF900BE7B}.Release|Win32.Build.0 = Release|Win32
		{A486D49B-C137-49ED-BD3C-944DF900BE7B}.Release|x64.ActiveCfg = Release|Win32
		{A486D49B-C137-49ED-BD3C-944DF900BE7B}.Win7 Debug|Any CPU.ActiveCfg = Debug|Win32
		{A486D49B-C137-49ED-BD3C-944DF900BE7B}.Win7 Debug|Mixed Platforms.ActiveCfg = Debug|Win32
		{A486D49B-C137-49ED-BD3C-944DF900BE7B}.Win7 Debug|Mixed Platforms.Build.0 = Debug|Win32
		{A486D49B-C137-49ED-BD3C-944DF900BE7B}.Win7 Debug|Win32.ActiveCfg = Debug|Win32
		{A486D49B-C137-49ED-BD3C-944DF900BE7B}.Win7 Debug|Win32.Build.0 = Debug|Win32
		{A486D49B-C137-49ED-BD3C-944DF900BE7B}.Win7 Debug|x64.ActiveCfg = Debug|Win32
		{A486D49B-C137-49ED-BD3C-944DF900BE7B}.Win7 Release|Any CPU.ActiveCfg = Release|Win32
		{A486D49B-C137-49ED-BD3C-944DF900BE7B}.Win7 Release|Mixed Platforms.ActiveCfg = Release|Win32
		{A486D49B-C137-49ED-BD3C-944DF900BE7B}.Win7 Release|Mixed Platforms.Build.0 = Release|Win32
		{A486D49B-C137-49ED-BD3C-944DF900BE7B}.Win7 Release|Win32.ActiveCfg = Release|Win32
		{A486D49B-C137-49ED-BD3C-944DF900BE7B}.Win7 Release|Win32.Build.0 = Release|Win32
		{A486D49B-C137-49ED-BD3C-944DF900BE7B}.Win7 Release|x64.ActiveCfg = Release|Win32
		{A486D49B-C137-49ED-BD3C-944DF900BE7B}.Win8 Debug|Any CPU.ActiveCfg = Debug|Win32
		{A486D49B-C137-49ED-BD3C-944DF900BE7B}.Win8 Debug|Mixed Platforms.ActiveCfg = Debug|Win32
		{A486D49B-C137-49ED-BD3C-944DF900BE7B}.Win8 Debug|Mixed Platforms.Build.0 = Debug|Win32
		{A486D49B-C137-49ED-BD3C-944DF900BE7B}.Win8 Debug|Win32.ActiveCfg = Debug|Win32
		{A486D49B-C137-49ED-BD3C-944DF900BE7B}.Win8 Debug|Win32.Build.0 = Debug|Win32
		{A486D49B-C137-49ED-BD3C-944DF900BE7B}.Win8 Debug|x64.ActiveCfg = Debug|Win32
		{A486D49B-C137-49ED-BD3C-944DF900BE7B}.Win8 Release|Any CPU.ActiveCfg = Release|Win32
		{A486D49B-C137-49ED-BD3C-944DF900BE7B}.Win8 Release|Mixed Platforms.ActiveCfg = Release|Win32
		{A486D49B-C137-49ED-BD3C-944DF900BE7B}.Win8 Release|Mixed Platforms.Build.0 = Release|Win32
		{A486D49B-C137-49ED-BD3C-944DF900BE7B}.Win8 Release|Win32.ActiveCfg = Release|Win32
		{A486D49B-C137-49ED-BD3C-944DF900BE7B}.Win8 Release|Win32.Build.0 = Release|Win32
		{A486D49B-C137-49ED-BD3C-944DF900BE7B}.Win8 Release|x64.ActiveCfg = Release|Win32
		{A486D49B-C137-49ED-BD3C-944DF900BE7B}.Win8.1 Debug|Any CPU.ActiveCfg = Debug|Win32
		{A486D49B-C137-49ED-BD3C-944DF900BE7B}.Win8.1 Debug|Mixed Platforms.ActiveCfg = Debug|Win32
		{A486D49B-C137-49ED-BD3C-944DF900BE7B}.Win8.1 Debug|Mixed Platforms.Build.0 = Debug|Win32
		{A486D49B-C137-49ED-BD3C-944DF900BE7B}.Win8.1 Debug|Win32.ActiveCfg = Debug|Win32
		{A486D49B-C137-49ED-BD3C-944DF900BE7B}.Win8.1 Debug|Win32.Build.0 = Debug|Win32
		{A486D49B-C137-49ED-BD3C-944DF900BE7B}.Win8.1 Debug|x64.ActiveCfg = Debug|Win32
		{A486D49B-C137-49ED-BD3C-944DF900BE7B}.Win8.1 Release|Any CPU.ActiveCfg = Release|Win32
		{A486D49B-C137-49ED-BD3C-944DF900BE7B}.Win8.1 Release|Mixed Platforms.ActiveCfg = Release|Win32
		{A486D49B-C137-49ED-BD3C-944DF900BE7B}.Win8.1 Release|Mixed Platforms.Build.0 = Release|Win32
		{A486D49B-C137-49ED-BD3C-944DF900BE7B}.Win8.1 Release|Win32.ActiveCfg = Release|Win32
		{A486D49B-C137-49ED-BD3C-944DF900BE7B}.Win8.1 Release|Win32.Build.0 = Release|Win32
		{A486D49B-C137-49ED-BD3C-944DF900BE7B}.Win8.1 Release|x64.ActiveCfg = Release|Win32
	EndGlobalSection
	GlobalSection(SolutionProperties) = preSolution
		HideSolutionNode = FALSE
	EndGlobalSection
	GlobalSection(NestedProjects) = preSolution
		{BE64A6D7-736B-42DD-A7A1-A85995808B11} = {8A55866B-3DBB-4CB6-AB9F-72EE656FD4C7}
		{273C6838-D6B2-42A7-9722-05EF322E5AB9} = {050F09D8-5222-4C30-B7E6-899B74BD3F85}
		{4CDC6051-5385-4EA7-9912-1F3C845F6128} = {8A55866B-3DBB-4CB6-AB9F-72EE656FD4C7}
		{AEFAE2DD-B743-43EB-A278-58C568B14D05} = {8A55866B-3DBB-4CB6-AB9F-72EE656FD4C7}
		{0DEE6D9F-A368-4286-863D-DC32F7DAFA95} = {EEA8CAA9-6EF2-48BD-B2BB-EED13D55B64C}
		{EEA8CAA9-6EF2-48BD-B2BB-EED13D55B64C} = {E3A12298-13AD-4B7E-B208-60F412747EA5}
		{A82A8060-3099-47FC-B0FA-BFA980070EFA} = {C4930EA1-51DF-4181-B9E5-7D49A2ACF861}
		{E3A12298-13AD-4B7E-B208-60F412747EA5} = {C4930EA1-51DF-4181-B9E5-7D49A2ACF861}
		{F6E72B20-5076-4F58-B22B-EDEFA940EA87} = {A82A8060-3099-47FC-B0FA-BFA980070EFA}
		{EC3115C2-86A6-498C-B5B5-BE9EE06A6FD5} = {A82A8060-3099-47FC-B0FA-BFA980070EFA}
		{E6285798-C22B-43B1-80FF-753F8204F943} = {E3A12298-13AD-4B7E-B208-60F412747EA5}
		{77FE1B1C-5901-4D1C-850E-303E9206B9FB} = {E6285798-C22B-43B1-80FF-753F8204F943}
		{49AC6DFD-6B50-44A8-AF1A-56CDC3A0AC53} = {E3A12298-13AD-4B7E-B208-60F412747EA5}
		{A486D49B-C137-49ED-BD3C-944DF900BE7B} = {49AC6DFD-6B50-44A8-AF1A-56CDC3A0AC53}
	EndGlobalSection
EndGlobal
